
Microsoft Visual Studio Solution File, Format Version 12.00
# Visual Studio Version 16
VisualStudioVersion = 16.0.30413.136
MinimumVisualStudioVersion = 10.0.40219.1
Project("{8BC9CEB8-8B4A-11D0-8D11-00A0C91BC942}") = "Project2", "Project2\Project2.vcxproj", "{E3FBA56F-0EE8-4D9D-8E84-2DC61262A450}"
EndProject
Global
	GlobalSection(SolutionConfigurationPlatforms) = preSolution
		Debug|x64 = Debug|x64
		Debug|x86 = Debug|x86
		Release|x64 = Release|x64
		Release|x86 = Release|x86
	EndGlobalSection
	GlobalSection(ProjectConfigurationPlatforms) = postSolution
		{E3FBA56F-0EE8-4D9D-8E84-2DC61262A450}.Debug|x64.ActiveCfg = Debug|x64
		{E3FBA56F-0EE8-4D9D-8E84-2DC61262A450}.Debug|x64.Build.0 = Debug|x64
		{E3FBA56F-0EE8-4D9D-8E84-2DC61262A450}.Debug|x86.ActiveCfg = Debug|Win32
		{E3FBA56F-0EE8-4D9D-8E84-2DC61262A450}.Debug|x86.Build.0 = Debug|Win32
		{E3FBA56F-0EE8-4D9D-8E84-2DC61262A450}.Release|x64.ActiveCfg = Release|x64
		{E3FBA56F-0EE8-4D9D-8E84-2DC61262A450}.Release|x64.Build.0 = Release|x64
		{E3FBA56F-0EE8-4D9D-8E84-2DC61262A450}.Release|x86.ActiveCfg = Release|Win32
		{E3FBA56F-0EE8-4D9D-8E84-2DC61262A450}.Release|x86.Build.0 = Release|Win32
	EndGlobalSection
	GlobalSection(SolutionProperties) = preSolution
		HideSolutionNode = FALSE
	EndGlobalSection
	GlobalSection(ExtensibilityGlobals) = postSolution
		SolutionGuid = {CC7850BB-787C-4322-A714-3540E0E3F4DB}
	EndGlobalSection
EndGlobal
